github.com/abdukhashimov/io_homework v0.0.0-20230224053729-e86344e005f4 h1:M4R/UufCSukxWCPCM2jluHnwg5xahJtqoJQUuOeAoxg=
github.com/abdukhashimov/io_homework v0.0.0-20230224053729-e86344e005f4/go.mod h1:nCKRUJecWrbXAxqOQlfgn04Fthj0gEaUyfiYDibCAsA=
github.com/kyokomi/emoji/v2 v2.2.11 h1:Pf/ZWVTbnAVkHOLJLWjPxM/FmgyPe+d85cv/OLP5Yus=
github.com/kyokomi/emoji/v2 v2.2.11/go.mod h1:JUcn42DTdsXJo1SWanHh4HKDEyPaR5CqkmoirZZP9qE=
